
Microsoft Visual Studio Solution File, Format Version 12.00
# Visual Studio Version 16
VisualStudioVersion = 16.0.31624.102
MinimumVisualStudioVersion = 10.0.40219.1
Project("{9A19103F-16F7-4668-BE54-9A1E7A4F7556}") = "Obi", "Obi.csproj", "{07185342-1C83-4820-9063-E8BEB4499A33}"
EndProject
Global
	GlobalSection(SolutionConfigurationPlatforms) = preSolution
		Debug|Any CPU = Debug|Any CPU
		Release|Any CPU = Release|Any CPU
	EndGlobalSection
	GlobalSection(ProjectConfigurationPlatforms) = postSolution
		{07185342-1C83-4820-9063-E8BEB4499A33}.Debug|Any CPU.ActiveCfg = Debug|Any CPU
		{07185342-1C83-4820-9063-E8BEB4499A33}.Debug|Any CPU.Build.0 = Debug|Any CPU
		{07185342-1C83-4820-9063-E8BEB4499A33}.Release|Any CPU.ActiveCfg = Release|Any CPU
		{07185342-1C83-4820-9063-E8BEB4499A33}.Release|Any CPU.Build.0 = Release|Any CPU
	EndGlobalSection
	GlobalSection(SolutionProperties) = preSolution
		HideSolutionNode = FALSE
	EndGlobalSection
	GlobalSection(ExtensibilityGlobals) = postSolution
		SolutionGuid = {D1F34706-6B69-454A-8947-A1E2FA704D8F}
	EndGlobalSection
EndGlobal
